
Microsoft Visual Studio Solution File, Format Version 12.00
# Visual Studio 15
VisualStudioVersion = 15.0.28010.2026
MinimumVisualStudioVersion = 10.0.40219.1
Project("{FAE04EC0-301F-11D3-BF4B-00C04F79EFBC}") = "Quizoman", "Quizoman\Quizoman.csproj", "{F9F99D8B-21F7-4F5A-AB1B-74A7B05975CF}"
EndProject
Global
	GlobalSection(SolutionConfigurationPlatforms) = preSolution
		Debug|Any CPU = Debug|Any CPU
		Release|Any CPU = Release|Any CPU
	EndGlobalSection
	GlobalSection(ProjectConfigurationPlatforms) = postSolution
		{F9F99D8B-21F7-4F5A-AB1B-74A7B05975CF}.Debug|Any CPU.ActiveCfg = Debug|Any CPU
		{F9F99D8B-21F7-4F5A-AB1B-74A7B05975CF}.Debug|Any CPU.Build.0 = Debug|Any CPU
		{F9F99D8B-21F7-4F5A-AB1B-74A7B05975CF}.Release|Any CPU.ActiveCfg = Release|Any CPU
		{F9F99D8B-21F7-4F5A-AB1B-74A7B05975CF}.Release|Any CPU.Build.0 = Release|Any CPU
	EndGlobalSection
	GlobalSection(SolutionProperties) = preSolution
		HideSolutionNode = FALSE
	EndGlobalSection
	GlobalSection(ExtensibilityGlobals) = postSolution
		SolutionGuid = {F4EB058F-68E4-4678-A5C8-4BB4FE7133BA}
	EndGlobalSection
EndGlobal
